github.com/brianvoe/gofakeit/v6 v6.20.1 h1:8ihJ60OvPnPJ2W6wZR7M+TTeaZ9bml0z6oy4gvyJ/ek=
github.com/brianvoe/gofakeit/v6 v6.20.1/go.mod h1:Ow6qC71xtwm79anlwKRlWZW6zVq9D2XHE4QSSMP/rU8=
github.com/gorilla/mux v1.8.0 h1:i40aqfkR1h2SlN9hojwV5ZA91wcXFOvkdNIeFDP5koI=
github.com/gorilla/mux v1.8.0/go.mod h1:DVbg23sWSpFRCP0SfiEN6jmj59UnW/n46BH5rLB71So=
